
Microsoft Visual Studio Solution File, Format Version 12.00
# Visual Studio Version 17
VisualStudioVersion = 17.14.36429.23 d17.14
MinimumVisualStudioVersion = 10.0.40219.1
Project("{FAE04EC0-301F-11D3-BF4B-00C04F79EFBC}") = "APr72", "APr72\APr72.csproj", "{DA9AAE19-6D86-49D5-939E-2B96C9A3F031}"
EndProject
Global
	GlobalSection(SolutionConfigurationPlatforms) = preSolution
		Debug|Any CPU = Debug|Any CPU
		Release|Any CPU = Release|Any CPU
	EndGlobalSection
	GlobalSection(ProjectConfigurationPlatforms) = postSolution
		{DA9AAE19-6D86-49D5-939E-2B96C9A3F031}.Debug|Any CPU.ActiveCfg = Debug|Any CPU
		{DA9AAE19-6D86-49D5-939E-2B96C9A3F031}.Debug|Any CPU.Build.0 = Debug|Any CPU
		{DA9AAE19-6D86-49D5-939E-2B96C9A3F031}.Release|Any CPU.ActiveCfg = Release|Any CPU
		{DA9AAE19-6D86-49D5-939E-2B96C9A3F031}.Release|Any CPU.Build.0 = Release|Any CPU
	EndGlobalSection
	GlobalSection(SolutionProperties) = preSolution
		HideSolutionNode = FALSE
	EndGlobalSection
	GlobalSection(ExtensibilityGlobals) = postSolution
		SolutionGuid = {5D3E9EB6-1202-43D1-8C7D-75B38B857A73}
	EndGlobalSection
EndGlobal
